
Microsoft Visual Studio Solution File, Format Version 12.00
# Visual Studio Version 17
VisualStudioVersion = 17.7.34202.233
MinimumVisualStudioVersion = 10.0.40219.1
Project("{888888A0-9F3D-457C-B088-3A5042F75D52}") = "TLDRApp", "TLDRApp.pyproj", "{937D41BF-CA6B-4640-A75B-EEAC65183BBE}"
EndProject
Global
	GlobalSection(SolutionConfigurationPlatforms) = preSolution
		Debug|Any CPU = Debug|Any CPU
		Release|Any CPU = Release|Any CPU
	EndGlobalSection
	GlobalSection(ProjectConfigurationPlatforms) = postSolution
		{937D41BF-CA6B-4640-A75B-EEAC65183BBE}.Debug|Any CPU.ActiveCfg = Debug|Any CPU
		{937D41BF-CA6B-4640-A75B-EEAC65183BBE}.Release|Any CPU.ActiveCfg = Release|Any CPU
	EndGlobalSection
	GlobalSection(SolutionProperties) = preSolution
		HideSolutionNode = FALSE
	EndGlobalSection
	GlobalSection(ExtensibilityGlobals) = postSolution
		SolutionGuid = {FB31B442-4FE8-4E88-9325-D01F97A76973}
	EndGlobalSection
EndGlobal
